
Microsoft Visual Studio Solution File, Format Version 12.00
# Visual Studio Version 17
VisualStudioVersion = 17.4.33403.182
MinimumVisualStudioVersion = 10.0.40219.1
Project("{2150E333-8FDC-42A3-9474-1A3956D46DE8}") = "ShopManagement", "ShopManagement", "{FB0B9DD2-CD06-48C3-A70A-A1748665CDCA}"
EndProject
Project("{2150E333-8FDC-42A3-9474-1A3956D46DE8}") = "SM.Domain", "SM.Domain", "{A16E0037-3E08-4C8D-AF6F-FB8BC2C677FB}"
EndProject
Project("{9A19103F-16F7-4668-BE54-9A1E7A4F7556}") = "ShopManagement.Domain", "ShopManagement.Domain\ShopManagement.Domain.csproj", "{CFA3C5A2-DF85-4E39-86F7-C0D1A809B95C}"
EndProject
Project("{9A19103F-16F7-4668-BE54-9A1E7A4F7556}") = "0_Framework", "0_Framework\0_Framework.csproj", "{67BB1E8F-689B-4DC0-86C4-86E65054326F}"
EndProject
Project("{2150E333-8FDC-42A3-9474-1A3956D46DE8}") = "SM.Application", "SM.Application", "{A01B0F85-2337-408C-A5F8-B7F2971C24EB}"
EndProject
Project("{9A19103F-16F7-4668-BE54-9A1E7A4F7556}") = "ShopManagement.Application.Contracts", "ShopManagement.Application.Contracts\ShopManagement.Application.Contracts.csproj", "{DC1DC83B-B707-4467-8A4A-BE33F2365C62}"
EndProject
Project("{9A19103F-16F7-4668-BE54-9A1E7A4F7556}") = "ShopManagement.Application", "ShopManagement.Application\ShopManagement.Application.csproj", "{2A9221EA-9ECB-4632-92DE-9BAE58EA6764}"
EndProject
Project("{2150E333-8FDC-42A3-9474-1A3956D46DE8}") = "SM.Infrastructure", "SM.Infrastructure", "{1A1AD9A4-9C0E-424F-A1D4-62192E8162D1}"
EndProject
Project("{9A19103F-16F7-4668-BE54-9A1E7A4F7556}") = "ShopManagement.Infrastructure.EFCore", "ShopManagement.Infrastructure.EFCore\ShopManagement.Infrastructure.EFCore.csproj", "{D67E2350-07DE-406A-BD88-680367AB0E31}"
EndProject
Project("{9A19103F-16F7-4668-BE54-9A1E7A4F7556}") = "ShopManagement.Configuration", "ShopManagement.Configuration\ShopManagement.Configuration.csproj", "{7EC04C0B-DBD8-4D75-8EDD-9469E212FF7C}"
EndProject
Project("{9A19103F-16F7-4668-BE54-9A1E7A4F7556}") = "ServiceHost", "ServiceHost\ServiceHost.csproj", "{0DB21791-66A5-427E-A843-D27231D4EF68}"
EndProject
Project("{9A19103F-16F7-4668-BE54-9A1E7A4F7556}") = "01_SogandShopQuery", "01_SogandShopQuery\01_SogandShopQuery.csproj", "{80C65EF1-0902-48CC-B71B-8C4B8E1CE64F}"
EndProject
Project("{2150E333-8FDC-42A3-9474-1A3956D46DE8}") = "DiscountManagement", "DiscountManagement", "{35BB5100-CABC-4747-B70F-F54BDA3ABC45}"
EndProject
Project("{2150E333-8FDC-42A3-9474-1A3956D46DE8}") = "DM.Domain", "DM.Domain", "{62630E42-9B68-40B8-90A7-0E4A59C49346}"
EndProject
Project("{9A19103F-16F7-4668-BE54-9A1E7A4F7556}") = "DiscountManagement.Domain", "DiscountManagement.Domain\DiscountManagement.Domain.csproj", "{F9D2E042-FE07-4D3E-90F9-616D7037ED6F}"
EndProject
Project("{2150E333-8FDC-42A3-9474-1A3956D46DE8}") = "DM.Application", "DM.Application", "{0FA2DADF-CEB3-489E-B2B7-DC69EC7CB639}"
EndProject
Project("{9A19103F-16F7-4668-BE54-9A1E7A4F7556}") = "DiscountManagement.Application.Contracts", "DiscountManagement.Application.Contracts\DiscountManagement.Application.Contracts.csproj", "{BD54A0F1-EE25-4E6B-9633-F108A7E6FCD8}"
EndProject
Project("{9A19103F-16F7-4668-BE54-9A1E7A4F7556}") = "DiscountManagement.Application", "DiscountManagement.Application\DiscountManagement.Application.csproj", "{BE3D6AEF-5986-46B6-B7F3-891C427ABB9C}"
EndProject
Project("{2150E333-8FDC-42A3-9474-1A3956D46DE8}") = "DM.Infrastructure", "DM.Infrastructure", "{E6E46CCC-4C52-46B9-9650-FF3F39150523}"
EndProject
Project("{9A19103F-16F7-4668-BE54-9A1E7A4F7556}") = "DiscountManagement.Infrastructure.EFCore", "DiscountManagement.Infrastructure.EFCore\DiscountManagement.Infrastructure.EFCore.csproj", "{062B4D36-E11A-4331-97C8-BC1C81C88C78}"
EndProject
Project("{9A19103F-16F7-4668-BE54-9A1E7A4F7556}") = "DiscountManagement.Configuration", "DiscountManagement.Configuration\DiscountManagement.Configuration.csproj", "{F6A1D8CE-C321-4306-861C-09A14A607103}"
EndProject
Project("{2150E333-8FDC-42A3-9474-1A3956D46DE8}") = "InventoryManagement", "InventoryManagement", "{73885220-30A1-4DA3-893F-8E2623A54052}"
EndProject
Project("{2150E333-8FDC-42A3-9474-1A3956D46DE8}") = "IM.Domain", "IM.Domain", "{2A27EE92-7911-426A-B8CD-140AE05EA142}"
EndProject
Project("{9A19103F-16F7-4668-BE54-9A1E7A4F7556}") = "InventoryManagement.Domain", "InventoryManagement.Domain\InventoryManagement.Domain.csproj", "{B5AE73B1-4E34-4048-9406-17A656ECC086}"
EndProject
Project("{2150E333-8FDC-42A3-9474-1A3956D46DE8}") = "IM.Application", "IM.Application", "{D6E4D61D-FDEF-40C5-88ED-896F9738F7EE}"
EndProject
Project("{9A19103F-16F7-4668-BE54-9A1E7A4F7556}") = "InventoryManagement.Application.Contracts", "InventoryManagement.Application.Contracts\InventoryManagement.Application.Contracts.csproj", "{DB92344F-4CE6-485A-9C8C-ED9300025F9C}"
EndProject
Project("{2150E333-8FDC-42A3-9474-1A3956D46DE8}") = "IM.Infrastructure", "IM.Infrastructure", "{94E0C8A1-8EB7-482B-89EB-F7D33994DE96}"
EndProject
Project("{9A19103F-16F7-4668-BE54-9A1E7A4F7556}") = "InventoryManagement.Infrastructure.EfCore", "InventoryManagement.Infrastructure.EfCore\InventoryManagement.Infrastructure.EfCore.csproj", "{F0373FF8-45EF-496F-8C09-317AFB4A3DCE}"
EndProject
Project("{9A19103F-16F7-4668-BE54-9A1E7A4F7556}") = "InventoryManagement.Configuration", "InventoryManagement.Configuration\InventoryManagement.Configuration.csproj", "{1302E68F-5C92-4663-AB6C-ABAFCDBF5EA7}"
EndProject
Project("{9A19103F-16F7-4668-BE54-9A1E7A4F7556}") = "InventoryManagement.Application", "InventoryManagement.Application\InventoryManagement.Application.csproj", "{344339B1-89BF-40D3-8596-87C8CAB6B141}"
EndProject
Project("{2150E333-8FDC-42A3-9474-1A3956D46DE8}") = "BlogManagement", "BlogManagement", "{740B3678-FB0C-4CEE-9FFC-55028B58DEE7}"
EndProject
Project("{2150E333-8FDC-42A3-9474-1A3956D46DE8}") = "BM.Domain", "BM.Domain", "{8BB7882B-1718-4D6A-B73A-F58FED40023C}"
EndProject
Project("{9A19103F-16F7-4668-BE54-9A1E7A4F7556}") = "BlogManagement.Domain", "BlogManagement.Domain\BlogManagement.Domain.csproj", "{CACD9A70-F1A1-4639-BD04-E472BC9F7FF3}"
EndProject
Project("{2150E333-8FDC-42A3-9474-1A3956D46DE8}") = "BM.Application", "BM.Application", "{85F0861E-ECAA-46B9-B1A3-5C5A9D7E2C3F}"
EndProject
Project("{9A19103F-16F7-4668-BE54-9A1E7A4F7556}") = "BlogManagement.Application.Contracts", "BlogManagement.Application.Contracts\BlogManagement.Application.Contracts.csproj", "{E2B0587C-B37F-43D7-BD14-FAB937A54C59}"
EndProject
Project("{9A19103F-16F7-4668-BE54-9A1E7A4F7556}") = "BlogManagement.Application", "BlogManagement.Application\BlogManagement.Application.csproj", "{A5814E08-0F90-42AB-BC0C-677EB3A7A440}"
EndProject
Project("{2150E333-8FDC-42A3-9474-1A3956D46DE8}") = "BM.Infrastructure", "BM.Infrastructure", "{E17DBA96-05BD-4180-8CA3-DBDCFEECA665}"
EndProject
Project("{9A19103F-16F7-4668-BE54-9A1E7A4F7556}") = "BlogManagement.Infrastructure.EFCore", "BlogManagement.Infrastructure.EFCore\BlogManagement.Infrastructure.EFCore.csproj", "{7F5AEEEB-EE1C-41CA-BA7E-98C2110145D8}"
EndProject
Project("{9A19103F-16F7-4668-BE54-9A1E7A4F7556}") = "BlogManagement.Configuration", "BlogManagement.Configuration\BlogManagement.Configuration.csproj", "{50935F7D-5B7E-455B-88B7-D92608F8B8D0}"
EndProject
Project("{2150E333-8FDC-42A3-9474-1A3956D46DE8}") = "CommentManagement", "CommentManagement", "{1360B108-115B-4028-BD8F-FBA563B6C931}"
EndProject
Project("{2150E333-8FDC-42A3-9474-1A3956D46DE8}") = "CM.Domain", "CM.Domain", "{8FAE75ED-75A3-4B41-BF81-94D8A8DFB02B}"
EndProject
Project("{9A19103F-16F7-4668-BE54-9A1E7A4F7556}") = "CommentManagement.Domain", "CommentManagement.Domain\CommentManagement.Domain.csproj", "{A71369CB-729F-48D7-AECA-8B61B680B8A4}"
EndProject
Project("{2150E333-8FDC-42A3-9474-1A3956D46DE8}") = "CM.Application", "CM.Application", "{FAA2A75F-9284-4536-9C47-F53ADF844CAA}"
EndProject
Project("{9A19103F-16F7-4668-BE54-9A1E7A4F7556}") = "CommentManagement.Application.Contracts", "CommentManagement.Application.Contracts\CommentManagement.Application.Contracts.csproj", "{96E25C62-99F5-476A-9CC0-894750CACDDE}"
EndProject
Project("{9A19103F-16F7-4668-BE54-9A1E7A4F7556}") = "CommentManagement.Application", "CommentManagement.Application\CommentManagement.Application.csproj", "{3BBBF62D-5923-4E49-9E26-662BD9CC5BCF}"
EndProject
Project("{2150E333-8FDC-42A3-9474-1A3956D46DE8}") = "CM.Infrastructure", "CM.Infrastructure", "{0A82CD33-BAE7-4D77-A593-430586060274}"
EndProject
Project("{9A19103F-16F7-4668-BE54-9A1E7A4F7556}") = "CommentManagement.Infrastructure.EFCore", "CommentManagement.Infrastructure.EFCore\CommentManagement.Infrastructure.EFCore.csproj", "{9A205EAC-17CB-418A-BB50-694A14B7FBBF}"
EndProject
Project("{9A19103F-16F7-4668-BE54-9A1E7A4F7556}") = "CommentManagement.Configuration", "CommentManagement.Configuration\CommentManagement.Configuration.csproj", "{738205D4-7E3C-49E3-B70A-3712128BE198}"
EndProject
Project("{2150E333-8FDC-42A3-9474-1A3956D46DE8}") = "AccountManagement", "AccountManagement", "{33F8D0AE-C516-4A08-AAC1-43EC09272E60}"
EndProject
Project("{2150E333-8FDC-42A3-9474-1A3956D46DE8}") = "AM.Domain", "AM.Domain", "{05B20F70-0652-4948-AF41-C3C6BDAE794F}"
EndProject
Project("{9A19103F-16F7-4668-BE54-9A1E7A4F7556}") = "AccountManagement.Domain", "AccountManagement.Domain\AccountManagement.Domain.csproj", "{CA24DEA8-A73D-4198-946F-CDC72503F527}"
EndProject
Project("{2150E333-8FDC-42A3-9474-1A3956D46DE8}") = "AM.Application", "AM.Application", "{D4AEAF2C-8FCA-4D65-98E4-CD46C01C2120}"
EndProject
Project("{9A19103F-16F7-4668-BE54-9A1E7A4F7556}") = "AccountManagement.Application.Contracts", "AccountManagement.Application.Contracts\AccountManagement.Application.Contracts.csproj", "{5565BECB-EE8E-4B8D-8DE3-97BB14812C95}"
EndProject
Project("{2150E333-8FDC-42A3-9474-1A3956D46DE8}") = "AM.Infrastructure", "AM.Infrastructure", "{39F5FBA1-5927-421A-B507-9E4ABFD4B400}"
EndProject
Project("{9A19103F-16F7-4668-BE54-9A1E7A4F7556}") = "AccountManagement.Infrastructure.EFCore", "AccountManagement.Infrastructure.EFCore\AccountManagement.Infrastructure.EFCore.csproj", "{6DD027A4-C43F-48AD-AB19-D3180766CBA9}"
EndProject
Project("{9A19103F-16F7-4668-BE54-9A1E7A4F7556}") = "AccountManagement.Application", "AccountManagement.Application\AccountManagement.Application.csproj", "{8F024700-4C6A-4DDD-9804-72F303126970}"
EndProject
Project("{9A19103F-16F7-4668-BE54-9A1E7A4F7556}") = "AccountManagement.Configuration", "AccountManagement.Configuration\AccountManagement.Configuration.csproj", "{BB449901-13F1-4C30-B3C9-EA5B777CA912}"
EndProject
Project("{FAE04EC0-301F-11D3-BF4B-00C04F79EFBC}") = "ShopManagement.Infrastructure.InventoryAcl", "ShopManagement.Infrastructure.InventoryAcl\ShopManagement.Infrastructure.InventoryAcl.csproj", "{9A3CE07D-19A1-4C9A-8468-2D4AD14F466F}"
EndProject
Global
	GlobalSection(SolutionConfigurationPlatforms) = preSolution
		Debug|Any CPU = Debug|Any CPU
		Release|Any CPU = Release|Any CPU
	EndGlobalSection
	GlobalSection(ProjectConfigurationPlatforms) = postSolution
		{CFA3C5A2-DF85-4E39-86F7-C0D1A809B95C}.Debug|Any CPU.ActiveCfg = Debug|Any CPU
		{CFA3C5A2-DF85-4E39-86F7-C0D1A809B95C}.Debug|Any CPU.Build.0 = Debug|Any CPU
		{CFA3C5A2-DF85-4E39-86F7-C0D1A809B95C}.Release|Any CPU.ActiveCfg = Release|Any CPU
		{CFA3C5A2-DF85-4E39-86F7-C0D1A809B95C}.Release|Any CPU.Build.0 = Release|Any CPU
		{67BB1E8F-689B-4DC0-86C4-86E65054326F}.Debug|Any CPU.ActiveCfg = Debug|Any CPU
		{67BB1E8F-689B-4DC0-86C4-86E65054326F}.Debug|Any CPU.Build.0 = Debug|Any CPU
		{67BB1E8F-689B-4DC0-86C4-86E65054326F}.Release|Any CPU.ActiveCfg = Release|Any CPU
		{67BB1E8F-689B-4DC0-86C4-86E65054326F}.Release|Any CPU.Build.0 = Release|Any CPU
		{DC1DC83B-B707-4467-8A4A-BE33F2365C62}.Debug|Any CPU.ActiveCfg = Debug|Any CPU
		{DC1DC83B-B707-4467-8A4A-BE33F2365C62}.Debug|Any CPU.Build.0 = Debug|Any CPU
		{DC1DC83B-B707-4467-8A4A-BE33F2365C62}.Release|Any CPU.ActiveCfg = Release|Any CPU
		{DC1DC83B-B707-4467-8A4A-BE33F2365C62}.Release|Any CPU.Build.0 = Release|Any CPU
		{2A9221EA-9ECB-4632-92DE-9BAE58EA6764}.Debug|Any CPU.ActiveCfg = Debug|Any CPU
		{2A9221EA-9ECB-4632-92DE-9BAE58EA6764}.Debug|Any CPU.Build.0 = Debug|Any CPU
		{2A9221EA-9ECB-4632-92DE-9BAE58EA6764}.Release|Any CPU.ActiveCfg = Release|Any CPU
		{2A9221EA-9ECB-4632-92DE-9BAE58EA6764}.Release|Any CPU.Build.0 = Release|Any CPU
		{D67E2350-07DE-406A-BD88-680367AB0E31}.Debug|Any CPU.ActiveCfg = Debug|Any CPU
		{D67E2350-07DE-406A-BD88-680367AB0E31}.Debug|Any CPU.Build.0 = Debug|Any CPU
		{D67E2350-07DE-406A-BD88-680367AB0E31}.Release|Any CPU.ActiveCfg = Release|Any CPU
		{D67E2350-07DE-406A-BD88-680367AB0E31}.Release|Any CPU.Build.0 = Release|Any CPU
		{7EC04C0B-DBD8-4D75-8EDD-9469E212FF7C}.Debug|Any CPU.ActiveCfg = Debug|Any CPU
		{7EC04C0B-DBD8-4D75-8EDD-9469E212FF7C}.Debug|Any CPU.Build.0 = Debug|Any CPU
		{7EC04C0B-DBD8-4D75-8EDD-9469E212FF7C}.Release|Any CPU.ActiveCfg = Release|Any CPU
		{7EC04C0B-DBD8-4D75-8EDD-9469E212FF7C}.Release|Any CPU.Build.0 = Release|Any CPU
		{0DB21791-66A5-427E-A843-D27231D4EF68}.Debug|Any CPU.ActiveCfg = Debug|Any CPU
		{0DB21791-66A5-427E-A843-D27231D4EF68}.Debug|Any CPU.Build.0 = Debug|Any CPU
		{0DB21791-66A5-427E-A843-D27231D4EF68}.Release|Any CPU.ActiveCfg = Release|Any CPU
		{0DB21791-66A5-427E-A843-D27231D4EF68}.Release|Any CPU.Build.0 = Release|Any CPU
		{80C65EF1-0902-48CC-B71B-8C4B8E1CE64F}.Debug|Any CPU.ActiveCfg = Debug|Any CPU
		{80C65EF1-0902-48CC-B71B-8C4B8E1CE64F}.Debug|Any CPU.Build.0 = Debug|Any CPU
		{80C65EF1-0902-48CC-B71B-8C4B8E1CE64F}.Release|Any CPU.ActiveCfg = Release|Any CPU
		{80C65EF1-0902-48CC-B71B-8C4B8E1CE64F}.Release|Any CPU.Build.0 = Release|Any CPU
		{F9D2E042-FE07-4D3E-90F9-616D7037ED6F}.Debug|Any CPU.ActiveCfg = Debug|Any CPU
		{F9D2E042-FE07-4D3E-90F9-616D7037ED6F}.Debug|Any CPU.Build.0 = Debug|Any CPU
		{F9D2E042-FE07-4D3E-90F9-616D7037ED6F}.Release|Any CPU.ActiveCfg = Release|Any CPU
		{F9D2E042-FE07-4D3E-90F9-616D7037ED6F}.Release|Any CPU.Build.0 = Release|Any CPU
		{BD54A0F1-EE25-4E6B-9633-F108A7E6FCD8}.Debug|Any CPU.ActiveCfg = Debug|Any CPU
		{BD54A0F1-EE25-4E6B-9633-F108A7E6FCD8}.Debug|Any CPU.Build.0 = Debug|Any CPU
		{BD54A0F1-EE25-4E6B-9633-F108A7E6FCD8}.Release|Any CPU.ActiveCfg = Release|Any CPU
		{BD54A0F1-EE25-4E6B-9633-F108A7E6FCD8}.Release|Any CPU.Build.0 = Release|Any CPU
		{BE3D6AEF-5986-46B6-B7F3-891C427ABB9C}.Debug|Any CPU.ActiveCfg = Debug|Any CPU
		{BE3D6AEF-5986-46B6-B7F3-891C427ABB9C}.Debug|Any CPU.Build.0 = Debug|Any CPU
		{BE3D6AEF-5986-46B6-B7F3-891C427ABB9C}.Release|Any CPU.ActiveCfg = Release|Any CPU
		{BE3D6AEF-5986-46B6-B7F3-891C427ABB9C}.Release|Any CPU.Build.0 = Release|Any CPU
		{062B4D36-E11A-4331-97C8-BC1C81C88C78}.Debug|Any CPU.ActiveCfg = Debug|Any CPU
		{062B4D36-E11A-4331-97C8-BC1C81C88C78}.Debug|Any CPU.Build.0 = Debug|Any CPU
		{062B4D36-E11A-4331-97C8-BC1C81C88C78}.Release|Any CPU.ActiveCfg = Release|Any CPU
		{062B4D36-E11A-4331-97C8-BC1C81C88C78}.Release|Any CPU.Build.0 = Release|Any CPU
		{F6A1D8CE-C321-4306-861C-09A14A607103}.Debug|Any CPU.ActiveCfg = Debug|Any CPU
		{F6A1D8CE-C321-4306-861C-09A14A607103}.Debug|Any CPU.Build.0 = Debug|Any CPU
		{F6A1D8CE-C321-4306-861C-09A14A607103}.Release|Any CPU.ActiveCfg = Release|Any CPU
		{F6A1D8CE-C321-4306-861C-09A14A607103}.Release|Any CPU.Build.0 = Release|Any CPU
		{B5AE73B1-4E34-4048-9406-17A656ECC086}.Debug|Any CPU.ActiveCfg = Debug|Any CPU
		{B5AE73B1-4E34-4048-9406-17A656ECC086}.Debug|Any CPU.Build.0 = Debug|Any CPU
		{B5AE73B1-4E34-4048-9406-17A656ECC086}.Release|Any CPU.ActiveCfg = Release|Any CPU
		{B5AE73B1-4E34-4048-9406-17A656ECC086}.Release|Any CPU.Build.0 = Release|Any CPU
		{DB92344F-4CE6-485A-9C8C-ED9300025F9C}.Debug|Any CPU.ActiveCfg = Debug|Any CPU
		{DB92344F-4CE6-485A-9C8C-ED9300025F9C}.Debug|Any CPU.Build.0 = Debug|Any CPU
		{DB92344F-4CE6-485A-9C8C-ED9300025F9C}.Release|Any CPU.ActiveCfg = Release|Any CPU
		{DB92344F-4CE6-485A-9C8C-ED9300025F9C}.Release|Any CPU.Build.0 = Release|Any CPU
		{F0373FF8-45EF-496F-8C09-317AFB4A3DCE}.Debug|Any CPU.ActiveCfg = Debug|Any CPU
		{F0373FF8-45EF-496F-8C09-317AFB4A3DCE}.Debug|Any CPU.Build.0 = Debug|Any CPU
		{F0373FF8-45EF-496F-8C09-317AFB4A3DCE}.Release|Any CPU.ActiveCfg = Release|Any CPU
		{F0373FF8-45EF-496F-8C09-317AFB4A3DCE}.Release|Any CPU.Build.0 = Release|Any CPU
		{1302E68F-5C92-4663-AB6C-ABAFCDBF5EA7}.Debug|Any CPU.ActiveCfg = Debug|Any CPU
		{1302E68F-5C92-4663-AB6C-ABAFCDBF5EA7}.Debug|Any CPU.Build.0 = Debug|Any CPU
		{1302E68F-5C92-4663-AB6C-ABAFCDBF5EA7}.Release|Any CPU.ActiveCfg = Release|Any CPU
		{1302E68F-5C92-4663-AB6C-ABAFCDBF5EA7}.Release|Any CPU.Build.0 = Release|Any CPU
		{344339B1-89BF-40D3-8596-87C8CAB6B141}.Debug|Any CPU.ActiveCfg = Debug|Any CPU
		{344339B1-89BF-40D3-8596-87C8CAB6B141}.Debug|Any CPU.Build.0 = Debug|Any CPU
		{344339B1-89BF-40D3-8596-87C8CAB6B141}.Release|Any CPU.ActiveCfg = Release|Any CPU
		{344339B1-89BF-40D3-8596-87C8CAB6B141}.Release|Any CPU.Build.0 = Release|Any CPU
		{CACD9A70-F1A1-4639-BD04-E472BC9F7FF3}.Debug|Any CPU.ActiveCfg = Debug|Any CPU
		{CACD9A70-F1A1-4639-BD04-E472BC9F7FF3}.Debug|Any CPU.Build.0 = Debug|Any CPU
		{CACD9A70-F1A1-4639-BD04-E472BC9F7FF3}.Release|Any CPU.ActiveCfg = Release|Any CPU
		{CACD9A70-F1A1-4639-BD04-E472BC9F7FF3}.Release|Any CPU.Build.0 = Release|Any CPU
		{E2B0587C-B37F-43D7-BD14-FAB937A54C59}.Debug|Any CPU.ActiveCfg = Debug|Any CPU
		{E2B0587C-B37F-43D7-BD14-FAB937A54C59}.Debug|Any CPU.Build.0 = Debug|Any CPU
		{E2B0587C-B37F-43D7-BD14-FAB937A54C59}.Release|Any CPU.ActiveCfg = Release|Any CPU
		{E2B0587C-B37F-43D7-BD14-FAB937A54C59}.Release|Any CPU.Build.0 = Release|Any CPU
		{A5814E08-0F90-42AB-BC0C-677EB3A7A440}.Debug|Any CPU.ActiveCfg = Debug|Any CPU
		{A5814E08-0F90-42AB-BC0C-677EB3A7A440}.Debug|Any CPU.Build.0 = Debug|Any CPU
		{A5814E08-0F90-42AB-BC0C-677EB3A7A440}.Release|Any CPU.ActiveCfg = Release|Any CPU
		{A5814E08-0F90-42AB-BC0C-677EB3A7A440}.Release|Any CPU.Build.0 = Release|Any CPU
		{7F5AEEEB-EE1C-41CA-BA7E-98C2110145D8}.Debug|Any CPU.ActiveCfg = Debug|Any CPU
		{7F5AEEEB-EE1C-41CA-BA7E-98C2110145D8}.Debug|Any CPU.Build.0 = Debug|Any CPU
		{7F5AEEEB-EE1C-41CA-BA7E-98C2110145D8}.Release|Any CPU.ActiveCfg = Release|Any CPU
		{7F5AEEEB-EE1C-41CA-BA7E-98C2110145D8}.Release|Any CPU.Build.0 = Release|Any CPU
		{50935F7D-5B7E-455B-88B7-D92608F8B8D0}.Debug|Any CPU.ActiveCfg = Debug|Any CPU
		{50935F7D-5B7E-455B-88B7-D92608F8B8D0}.Debug|Any CPU.Build.0 = Debug|Any CPU
		{50935F7D-5B7E-455B-88B7-D92608F8B8D0}.Release|Any CPU.ActiveCfg = Release|Any CPU
		{50935F7D-5B7E-455B-88B7-D92608F8B8D0}.Release|Any CPU.Build.0 = Release|Any CPU
		{A71369CB-729F-48D7-AECA-8B61B680B8A4}.Debug|Any CPU.ActiveCfg = Debug|Any CPU
		{A71369CB-729F-48D7-AECA-8B61B680B8A4}.Debug|Any CPU.Build.0 = Debug|Any CPU
		{A71369CB-729F-48D7-AECA-8B61B680B8A4}.Release|Any CPU.ActiveCfg = Release|Any CPU
		{A71369CB-729F-48D7-AECA-8B61B680B8A4}.Release|Any CPU.Build.0 = Release|Any CPU
		{96E25C62-99F5-476A-9CC0-894750CACDDE}.Debug|Any CPU.ActiveCfg = Debug|Any CPU
		{96E25C62-99F5-476A-9CC0-894750CACDDE}.Debug|Any CPU.Build.0 = Debug|Any CPU
		{96E25C62-99F5-476A-9CC0-894750CACDDE}.Release|Any CPU.ActiveCfg = Release|Any CPU
		{96E25C62-99F5-476A-9CC0-894750CACDDE}.Release|Any CPU.Build.0 = Release|Any CPU
		{3BBBF62D-5923-4E49-9E26-662BD9CC5BCF}.Debug|Any CPU.ActiveCfg = Debug|Any CPU
		{3BBBF62D-5923-4E49-9E26-662BD9CC5BCF}.Debug|Any CPU.Build.0 = Debug|Any CPU
		{3BBBF62D-5923-4E49-9E26-662BD9CC5BCF}.Release|Any CPU.ActiveCfg = Release|Any CPU
		{3BBBF62D-5923-4E49-9E26-662BD9CC5BCF}.Release|Any CPU.Build.0 = Release|Any CPU
		{9A205EAC-17CB-418A-BB50-694A14B7FBBF}.Debug|Any CPU.ActiveCfg = Debug|Any CPU
		{9A205EAC-17CB-418A-BB50-694A14B7FBBF}.Debug|Any CPU.Build.0 = Debug|Any CPU
		{9A205EAC-17CB-418A-BB50-694A14B7FBBF}.Release|Any CPU.ActiveCfg = Release|Any CPU
		{9A205EAC-17CB-418A-BB50-694A14B7FBBF}.Release|Any CPU.Build.0 = Release|Any CPU
		{738205D4-7E3C-49E3-B70A-3712128BE198}.Debug|Any CPU.ActiveCfg = Debug|Any CPU
		{738205D4-7E3C-49E3-B70A-3712128BE198}.Debug|Any CPU.Build.0 = Debug|Any CPU
		{738205D4-7E3C-49E3-B70A-3712128BE198}.Release|Any CPU.ActiveCfg = Release|Any CPU
		{738205D4-7E3C-49E3-B70A-3712128BE198}.Release|Any CPU.Build.0 = Release|Any CPU
		{CA24DEA8-A73D-4198-946F-CDC72503F527}.Debug|Any CPU.ActiveCfg = Debug|Any CPU
		{CA24DEA8-A73D-4198-946F-CDC72503F527}.Debug|Any CPU.Build.0 = Debug|Any CPU
		{CA24DEA8-A73D-4198-946F-CDC72503F527}.Release|Any CPU.ActiveCfg = Release|Any CPU
		{CA24DEA8-A73D-4198-946F-CDC72503F527}.Release|Any CPU.Build.0 = Release|Any CPU
		{5565BECB-EE8E-4B8D-8DE3-97BB14812C95}.Debug|Any CPU.ActiveCfg = Debug|Any CPU
		{5565BECB-EE8E-4B8D-8DE3-97BB14812C95}.Debug|Any CPU.Build.0 = Debug|Any CPU
		{5565BECB-EE8E-4B8D-8DE3-97BB14812C95}.Release|Any CPU.ActiveCfg = Release|Any CPU
		{5565BECB-EE8E-4B8D-8DE3-97BB14812C95}.Release|Any CPU.Build.0 = Release|Any CPU
		{6DD027A4-C43F-48AD-AB19-D3180766CBA9}.Debug|Any CPU.ActiveCfg = Debug|Any CPU
		{6DD027A4-C43F-48AD-AB19-D3180766CBA9}.Debug|Any CPU.Build.0 = Debug|Any CPU
		{6DD027A4-C43F-48AD-AB19-D3180766CBA9}.Release|Any CPU.ActiveCfg = Release|Any CPU
		{6DD027A4-C43F-48AD-AB19-D3180766CBA9}.Release|Any CPU.Build.0 = Release|Any CPU
		{8F024700-4C6A-4DDD-9804-72F303126970}.Debug|Any CPU.ActiveCfg = Debug|Any CPU
		{8F024700-4C6A-4DDD-9804-72F303126970}.Debug|Any CPU.Build.0 = Debug|Any CPU
		{8F024700-4C6A-4DDD-9804-72F303126970}.Release|Any CPU.ActiveCfg = Release|Any CPU
		{8F024700-4C6A-4DDD-9804-72F303126970}.Release|Any CPU.Build.0 = Release|Any CPU
		{BB449901-13F1-4C30-B3C9-EA5B777CA912}.Debug|Any CPU.ActiveCfg = Debug|Any CPU
		{BB449901-13F1-4C30-B3C9-EA5B777CA912}.Debug|Any CPU.Build.0 = Debug|Any CPU
		{BB449901-13F1-4C30-B3C9-EA5B777CA912}.Release|Any CPU.ActiveCfg = Release|Any CPU
		{BB449901-13F1-4C30-B3C9-EA5B777CA912}.Release|Any CPU.Build.0 = Release|Any CPU
		{9A3CE07D-19A1-4C9A-8468-2D4AD14F466F}.Debug|Any CPU.ActiveCfg = Debug|Any CPU
		{9A3CE07D-19A1-4C9A-8468-2D4AD14F466F}.Debug|Any CPU.Build.0 = Debug|Any CPU
		{9A3CE07D-19A1-4C9A-8468-2D4AD14F466F}.Release|Any CPU.ActiveCfg = Release|Any CPU
		{9A3CE07D-19A1-4C9A-8468-2D4AD14F466F}.Release|Any CPU.Build.0 = Release|Any CPU
	EndGlobalSection
	GlobalSection(SolutionProperties) = preSolution
		HideSolutionNode = FALSE
	EndGlobalSection
	GlobalSection(NestedProjects) = preSolution
		{A16E0037-3E08-4C8D-AF6F-FB8BC2C677FB} = {FB0B9DD2-CD06-48C3-A70A-A1748665CDCA}
		{CFA3C5A2-DF85-4E39-86F7-C0D1A809B95C} = {A16E0037-3E08-4C8D-AF6F-FB8BC2C677FB}
		{A01B0F85-2337-408C-A5F8-B7F2971C24EB} = {FB0B9DD2-CD06-48C3-A70A-A1748665CDCA}
		{DC1DC83B-B707-4467-8A4A-BE33F2365C62} = {A01B0F85-2337-408C-A5F8-B7F2971C24EB}
		{2A9221EA-9ECB-4632-92DE-9BAE58EA6764} = {A01B0F85-2337-408C-A5F8-B7F2971C24EB}
		{1A1AD9A4-9C0E-424F-A1D4-62192E8162D1} = {FB0B9DD2-CD06-48C3-A70A-A1748665CDCA}
		{D67E2350-07DE-406A-BD88-680367AB0E31} = {1A1AD9A4-9C0E-424F-A1D4-62192E8162D1}
		{7EC04C0B-DBD8-4D75-8EDD-9469E212FF7C} = {1A1AD9A4-9C0E-424F-A1D4-62192E8162D1}
		{62630E42-9B68-40B8-90A7-0E4A59C49346} = {35BB5100-CABC-4747-B70F-F54BDA3ABC45}
		{F9D2E042-FE07-4D3E-90F9-616D7037ED6F} = {62630E42-9B68-40B8-90A7-0E4A59C49346}
		{0FA2DADF-CEB3-489E-B2B7-DC69EC7CB639} = {35BB5100-CABC-4747-B70F-F54BDA3ABC45}
		{BD54A0F1-EE25-4E6B-9633-F108A7E6FCD8} = {0FA2DADF-CEB3-489E-B2B7-DC69EC7CB639}
		{BE3D6AEF-5986-46B6-B7F3-891C427ABB9C} = {0FA2DADF-CEB3-489E-B2B7-DC69EC7CB639}
		{E6E46CCC-4C52-46B9-9650-FF3F39150523} = {35BB5100-CABC-4747-B70F-F54BDA3ABC45}
		{062B4D36-E11A-4331-97C8-BC1C81C88C78} = {E6E46CCC-4C52-46B9-9650-FF3F39150523}
		{F6A1D8CE-C321-4306-861C-09A14A607103} = {E6E46CCC-4C52-46B9-9650-FF3F39150523}
		{2A27EE92-7911-426A-B8CD-140AE05EA142} = {73885220-30A1-4DA3-893F-8E2623A54052}
		{B5AE73B1-4E34-4048-9406-17A656ECC086} = {2A27EE92-7911-426A-B8CD-140AE05EA142}
		{D6E4D61D-FDEF-40C5-88ED-896F9738F7EE} = {73885220-30A1-4DA3-893F-8E2623A54052}
		{DB92344F-4CE6-485A-9C8C-ED9300025F9C} = {D6E4D61D-FDEF-40C5-88ED-896F9738F7EE}
		{94E0C8A1-8EB7-482B-89EB-F7D33994DE96} = {73885220-30A1-4DA3-893F-8E2623A54052}
		{F0373FF8-45EF-496F-8C09-317AFB4A3DCE} = {94E0C8A1-8EB7-482B-89EB-F7D33994DE96}
		{1302E68F-5C92-4663-AB6C-ABAFCDBF5EA7} = {94E0C8A1-8EB7-482B-89EB-F7D33994DE96}
		{344339B1-89BF-40D3-8596-87C8CAB6B141} = {D6E4D61D-FDEF-40C5-88ED-896F9738F7EE}
		{8BB7882B-1718-4D6A-B73A-F58FED40023C} = {740B3678-FB0C-4CEE-9FFC-55028B58DEE7}
		{CACD9A70-F1A1-4639-BD04-E472BC9F7FF3} = {8BB7882B-1718-4D6A-B73A-F58FED40023C}
		{85F0861E-ECAA-46B9-B1A3-5C5A9D7E2C3F} = {740B3678-FB0C-4CEE-9FFC-55028B58DEE7}
		{E2B0587C-B37F-43D7-BD14-FAB937A54C59} = {85F0861E-ECAA-46B9-B1A3-5C5A9D7E2C3F}
		{A5814E08-0F90-42AB-BC0C-677EB3A7A440} = {85F0861E-ECAA-46B9-B1A3-5C5A9D7E2C3F}
		{E17DBA96-05BD-4180-8CA3-DBDCFEECA665} = {740B3678-FB0C-4CEE-9FFC-55028B58DEE7}
		{7F5AEEEB-EE1C-41CA-BA7E-98C2110145D8} = {E17DBA96-05BD-4180-8CA3-DBDCFEECA665}
		{50935F7D-5B7E-455B-88B7-D92608F8B8D0} = {E17DBA96-05BD-4180-8CA3-DBDCFEECA665}
		{8FAE75ED-75A3-4B41-BF81-94D8A8DFB02B} = {1360B108-115B-4028-BD8F-FBA563B6C931}
		{A71369CB-729F-48D7-AECA-8B61B680B8A4} = {8FAE75ED-75A3-4B41-BF81-94D8A8DFB02B}
		{FAA2A75F-9284-4536-9C47-F53ADF844CAA} = {1360B108-115B-4028-BD8F-FBA563B6C931}
		{96E25C62-99F5-476A-9CC0-894750CACDDE} = {FAA2A75F-9284-4536-9C47-F53ADF844CAA}
		{3BBBF62D-5923-4E49-9E26-662BD9CC5BCF} = {FAA2A75F-9284-4536-9C47-F53ADF844CAA}
		{0A82CD33-BAE7-4D77-A593-430586060274} = {1360B108-115B-4028-BD8F-FBA563B6C931}
		{9A205EAC-17CB-418A-BB50-694A14B7FBBF} = {0A82CD33-BAE7-4D77-A593-430586060274}
		{738205D4-7E3C-49E3-B70A-3712128BE198} = {0A82CD33-BAE7-4D77-A593-430586060274}
		{05B20F70-0652-4948-AF41-C3C6BDAE794F} = {33F8D0AE-C516-4A08-AAC1-43EC09272E60}
		{CA24DEA8-A73D-4198-946F-CDC72503F527} = {05B20F70-0652-4948-AF41-C3C6BDAE794F}
		{D4AEAF2C-8FCA-4D65-98E4-CD46C01C2120} = {33F8D0AE-C516-4A08-AAC1-43EC09272E60}
		{5565BECB-EE8E-4B8D-8DE3-97BB14812C95} = {D4AEAF2C-8FCA-4D65-98E4-CD46C01C2120}
		{39F5FBA1-5927-421A-B507-9E4ABFD4B400} = {33F8D0AE-C516-4A08-AAC1-43EC09272E60}
		{6DD027A4-C43F-48AD-AB19-D3180766CBA9} = {39F5FBA1-5927-421A-B507-9E4ABFD4B400}
		{8F024700-4C6A-4DDD-9804-72F303126970} = {D4AEAF2C-8FCA-4D65-98E4-CD46C01C2120}
		{BB449901-13F1-4C30-B3C9-EA5B777CA912} = {39F5FBA1-5927-421A-B507-9E4ABFD4B400}
		{9A3CE07D-19A1-4C9A-8468-2D4AD14F466F} = {1A1AD9A4-9C0E-424F-A1D4-62192E8162D1}
	EndGlobalSection
	GlobalSection(ExtensibilityGlobals) = postSolution
		SolutionGuid = {708B4F95-9D56-4FFA-B881-E95486FFF25B}
	EndGlobalSection
EndGlobal
